<?xml version="1.0" encoding="utf-8"?>
<Project ToolsVersion="4.0" xmlns="http://schemas.microsoft.com/developer/msbuild/2003">
  <ItemGroup>
    <Filter Include="源文件">
      <UniqueIdentifier>{4FC737F1-C7A5-4376-A066-2A32D752A2FF}</UniqueIdentifier>
      <Extensions>cpp;c;cc;cxx;def;odl;idl;hpj;bat;asm;asmx</Extensions>
    </Filter>
    <Filter Include="头文件">
      <UniqueIdentifier>{93995380-89BD-4b04-88EB-625FBE52EBFB}</UniqueIdentifier>
      <Extensions>h;hpp;hxx;hm;inl;inc;xsd</Extensions>
    </Filter>
    <Filter Include="资源文件">
      <UniqueIdentifier>{67DA6AB6-F800-4c08-8B7A-83BB121AAD01}</UniqueIdentifier>
      <Extensions>rc;ico;cur;bmp;dlg;rc2;rct;bin;rgs;gif;jpg;jpeg;jpe;resx;tiff;tif;png;wav;mfcribbon-ms</Extensions>
    </Filter>
    <Filter Include="网络">
      <UniqueIdentifier>{e76570cf-73b6-4e0e-ac57-518b67978825}</UniqueIdentifier>
    </Filter>
    <Filter Include="核心类">
      <UniqueIdentifier>{e628ed9c-e824-4725-a76a-26cffffb5110}</UniqueIdentifier>
    </Filter>
    <Filter Include="协议">
      <UniqueIdentifier>{afaa75c1-b39f-4803-b749-82330df6e002}</UniqueIdentifier>
    </Filter>
    <Filter Include="FFMPEG">
      <UniqueIdentifier>{487c83bf-ec2f-42ad-9b9e-bc4b757e1374}</UniqueIdentifier>
    </Filter>
  </ItemGroup>
  <ItemGroup>
    <Text Include="ReadMe.txt" />
  </ItemGroup>
  <ItemGroup>
    <ClInclude Include="1002观众端.h">
      <Filter>头文件</Filter>
    </ClInclude>
    <ClInclude Include="1002观众端Dlg.h">
      <Filter>头文件</Filter>
    </ClInclude>
    <ClInclude Include="stdafx.h">
      <Filter>头文件</Filter>
    </ClInclude>
    <ClInclude Include="targetver.h">
      <Filter>头文件</Filter>
    </ClInclude>
    <ClInclude Include="Resource.h">
      <Filter>头文件</Filter>
    </ClInclude>
    <ClInclude Include="..\Net\INet.h">
      <Filter>网络</Filter>
    </ClInclude>
    <ClInclude Include="..\Net\TCPNet.h">
      <Filter>网络</Filter>
    </ClInclude>
    <ClInclude Include="..\Kernel\IKernel.h">
      <Filter>核心类</Filter>
    </ClInclude>
    <ClInclude Include="..\Kernel\TCPKernel.h">
      <Filter>核心类</Filter>
    </ClInclude>
    <ClInclude Include="..\..\..\0925Server\Packdef\Packdef.h">
      <Filter>协议</Filter>
    </ClInclude>
    <ClInclude Include="DlgMain.h">
      <Filter>头文件</Filter>
    </ClInclude>
    <ClInclude Include="CWMPPlayer4.h">
      <Filter>头文件</Filter>
    </ClInclude>
    <ClInclude Include="CWMPSettings.h">
      <Filter>头文件</Filter>
    </ClInclude>
    <ClInclude Include="VideoDlg.h">
      <Filter>头文件</Filter>
    </ClInclude>
    <ClInclude Include="..\FFMPEG\AudioEncode.h">
      <Filter>FFMPEG</Filter>
    </ClInclude>
    <ClInclude Include="..\FFMPEG\CollectAudio.h">
      <Filter>FFMPEG</Filter>
    </ClInclude>
    <ClInclude Include="..\FFMPEG\CollectCamera.h">
      <Filter>FFMPEG</Filter>
    </ClInclude>
    <ClInclude Include="..\FFMPEG\MyCollectDesktop.h">
      <Filter>FFMPEG</Filter>
    </ClInclude>
    <ClInclude Include="..\FFMPEG\MyEncode.h">
      <Filter>FFMPEG</Filter>
    </ClInclude>
    <ClInclude Include="..\FFMPEG\Myffmpeg.h">
      <Filter>FFMPEG</Filter>
    </ClInclude>
    <ClInclude Include="CWMPControls.h">
      <Filter>头文件</Filter>
    </ClInclude>
    <ClInclude Include="TextDlg.h">
      <Filter>头文件</Filter>
    </ClInclude>
  </ItemGroup>
  <ItemGroup>
    <ClCompile Include="1002观众端.cpp">
      <Filter>源文件</Filter>
    </ClCompile>
    <ClCompile Include="1002观众端Dlg.cpp">
      <Filter>源文件</Filter>
    </ClCompile>
    <ClCompile Include="stdafx.cpp">
      <Filter>源文件</Filter>
    </ClCompile>
    <ClCompile Include="..\Net\TCPNet.cpp">
      <Filter>网络</Filter>
    </ClCompile>
    <ClCompile Include="..\Kernel\TCPKernel.cpp">
      <Filter>核心类</Filter>
    </ClCompile>
    <ClCompile Include="DlgMain.cpp">
      <Filter>源文件</Filter>
    </ClCompile>
    <ClCompile Include="CWMPPlayer4.cpp">
      <Filter>源文件</Filter>
    </ClCompile>
    <ClCompile Include="VideoDlg.cpp">
      <Filter>源文件</Filter>
    </ClCompile>
    <ClCompile Include="..\FFMPEG\AudioEncode.cpp">
      <Filter>FFMPEG</Filter>
    </ClCompile>
    <ClCompile Include="..\FFMPEG\CollectAudio.cpp">
      <Filter>FFMPEG</Filter>
    </ClCompile>
    <ClCompile Include="..\FFMPEG\CollectCamera.cpp">
      <Filter>FFMPEG</Filter>
    </ClCompile>
    <ClCompile Include="..\FFMPEG\MyCollectDesktop.cpp">
      <Filter>FFMPEG</Filter>
    </ClCompile>
    <ClCompile Include="..\FFMPEG\MyEncode.cpp">
      <Filter>FFMPEG</Filter>
    </ClCompile>
    <ClCompile Include="..\FFMPEG\Myffmpeg.cpp">
      <Filter>FFMPEG</Filter>
    </ClCompile>
    <ClCompile Include="TextDlg.cpp">
      <Filter>源文件</Filter>
    </ClCompile>
  </ItemGroup>
  <ItemGroup>
    <ResourceCompile Include="1002观众端.rc">
      <Filter>资源文件</Filter>
    </ResourceCompile>
  </ItemGroup>
  <ItemGroup>
    <None Include="res\My1002.rc2">
      <Filter>资源文件</Filter>
    </None>
  </ItemGroup>
  <ItemGroup>
    <Image Include="res\1002观众端.ico">
      <Filter>资源文件</Filter>
    </Image>
  </ItemGroup>
</Project>